
Microsoft Visual Studio Solution File, Format Version 12.00
# Visual Studio Version 16
VisualStudioVersion = 16.0.31105.61
MinimumVisualStudioVersion = 10.0.40219.1
Project("{2150E333-8FDC-42A3-9474-1A3956D46DE8}") = "Frontend", "Frontend", "{0989E414-FBB9-421A-8F59-E294C2E03B5F}"
EndProject
Project("{9A19103F-16F7-4668-BE54-9A1E7A4F7556}") = "Mango.Web", "Mango.Web\Mango.Web.csproj", "{1AB97304-D34C-41B3-9FDD-B6F30BDD86EB}"
EndProject
Project("{2150E333-8FDC-42A3-9474-1A3956D46DE8}") = "Services", "Services", "{44F0AD31-0049-4F51-9B20-69C260E6C4DC}"
EndProject
Project("{9A19103F-16F7-4668-BE54-9A1E7A4F7556}") = "Mango.Services.ProductAPI", "Mango.Services.ProductAPI\Mango.Services.ProductAPI.csproj", "{EC9BC0A7-504C-45F6-AC5C-B0D2006EBF6C}"
EndProject
Project("{9A19103F-16F7-4668-BE54-9A1E7A4F7556}") = "Mango.Services.Identity", "Mango.Services.Identity\Mango.Services.Identity.csproj", "{7414DBC5-EAF2-4E8C-90A4-26293F9B89C6}"
EndProject
Project("{9A19103F-16F7-4668-BE54-9A1E7A4F7556}") = "Mango.Services.ShoppingCard", "Mango.Services.ShoppingCard\Mango.Services.ShoppingCard.csproj", "{955F8526-6DE5-476A-83A6-D5D50D148697}"
EndProject
Project("{FAE04EC0-301F-11D3-BF4B-00C04F79EFBC}") = "Mango.Services.CouponAPI", "Mango.Services.CouponAPI\Mango.Services.CouponAPI.csproj", "{C7A8198F-B3EA-4EEA-9A35-257A9AC3EB23}"
EndProject
Global
	GlobalSection(SolutionConfigurationPlatforms) = preSolution
		Debug|Any CPU = Debug|Any CPU
		Release|Any CPU = Release|Any CPU
	EndGlobalSection
	GlobalSection(ProjectConfigurationPlatforms) = postSolution
		{1AB97304-D34C-41B3-9FDD-B6F30BDD86EB}.Debug|Any CPU.ActiveCfg = Debug|Any CPU
		{1AB97304-D34C-41B3-9FDD-B6F30BDD86EB}.Debug|Any CPU.Build.0 = Debug|Any CPU
		{1AB97304-D34C-41B3-9FDD-B6F30BDD86EB}.Release|Any CPU.ActiveCfg = Release|Any CPU
		{1AB97304-D34C-41B3-9FDD-B6F30BDD86EB}.Release|Any CPU.Build.0 = Release|Any CPU
		{EC9BC0A7-504C-45F6-AC5C-B0D2006EBF6C}.Debug|Any CPU.ActiveCfg = Debug|Any CPU
		{EC9BC0A7-504C-45F6-AC5C-B0D2006EBF6C}.Debug|Any CPU.Build.0 = Debug|Any CPU
		{EC9BC0A7-504C-45F6-AC5C-B0D2006EBF6C}.Release|Any CPU.ActiveCfg = Release|Any CPU
		{EC9BC0A7-504C-45F6-AC5C-B0D2006EBF6C}.Release|Any CPU.Build.0 = Release|Any CPU
		{7414DBC5-EAF2-4E8C-90A4-26293F9B89C6}.Debug|Any CPU.ActiveCfg = Debug|Any CPU
		{7414DBC5-EAF2-4E8C-90A4-26293F9B89C6}.Debug|Any CPU.Build.0 = Debug|Any CPU
		{7414DBC5-EAF2-4E8C-90A4-26293F9B89C6}.Release|Any CPU.ActiveCfg = Release|Any CPU
		{7414DBC5-EAF2-4E8C-90A4-26293F9B89C6}.Release|Any CPU.Build.0 = Release|Any CPU
		{955F8526-6DE5-476A-83A6-D5D50D148697}.Debug|Any CPU.ActiveCfg = Debug|Any CPU
		{955F8526-6DE5-476A-83A6-D5D50D148697}.Debug|Any CPU.Build.0 = Debug|Any CPU
		{955F8526-6DE5-476A-83A6-D5D50D148697}.Release|Any CPU.ActiveCfg = Release|Any CPU
		{955F8526-6DE5-476A-83A6-D5D50D148697}.Release|Any CPU.Build.0 = Release|Any CPU
		{C7A8198F-B3EA-4EEA-9A35-257A9AC3EB23}.Debug|Any CPU.ActiveCfg = Debug|Any CPU
		{C7A8198F-B3EA-4EEA-9A35-257A9AC3EB23}.Debug|Any CPU.Build.0 = Debug|Any CPU
		{C7A8198F-B3EA-4EEA-9A35-257A9AC3EB23}.Release|Any CPU.ActiveCfg = Release|Any CPU
		{C7A8198F-B3EA-4EEA-9A35-257A9AC3EB23}.Release|Any CPU.Build.0 = Release|Any CPU
	EndGlobalSection
	GlobalSection(SolutionProperties) = preSolution
		HideSolutionNode = FALSE
	EndGlobalSection
	GlobalSection(NestedProjects) = preSolution
		{1AB97304-D34C-41B3-9FDD-B6F30BDD86EB} = {0989E414-FBB9-421A-8F59-E294C2E03B5F}
		{EC9BC0A7-504C-45F6-AC5C-B0D2006EBF6C} = {44F0AD31-0049-4F51-9B20-69C260E6C4DC}
		{7414DBC5-EAF2-4E8C-90A4-26293F9B89C6} = {44F0AD31-0049-4F51-9B20-69C260E6C4DC}
		{955F8526-6DE5-476A-83A6-D5D50D148697} = {44F0AD31-0049-4F51-9B20-69C260E6C4DC}
		{C7A8198F-B3EA-4EEA-9A35-257A9AC3EB23} = {44F0AD31-0049-4F51-9B20-69C260E6C4DC}
	EndGlobalSection
	GlobalSection(ExtensibilityGlobals) = postSolution
		SolutionGuid = {24F5616F-667D-418E-9D80-A76F28ACC14A}
	EndGlobalSection
EndGlobal
